// !$*UTF8*$!
{
	archiveVersion = 1;
	classes = {
	};
	objectVersion = 56;
	objects = {

/* Begin PBXBuildFile section */
		A979E26A2A7C8F17002515F9 /* TutorialTCAApp.swift in Sources */ = {isa = PBXBuildFile; fileRef = A979E2692A7C8F17002515F9 /* TutorialTCAApp.swift */; };
		A979E26C2A7C8F17002515F9 /* CounterView.swift in Sources */ = {isa = PBXBuildFile; fileRef = A979E26B2A7C8F17002515F9 /* CounterView.swift */; };
		A979E26E2A7C8F18002515F9 /* Assets.xcassets in Resources */ = {isa = PBXBuildFile; fileRef = A979E26D2A7C8F18002515F9 /* Assets.xcassets */; };
		A979E2712A7C8F18002515F9 /* Preview Assets.xcassets in Resources */ = {isa = PBXBuildFile; fileRef = A979E2702A7C8F18002515F9 /* Preview Assets.xcassets */; };
		A979E2792A7C91BB002515F9 /* ComposableArchitecture in Frameworks */ = {isa = PBXBuildFile; productRef = A979E2782A7C91BB002515F9 /* ComposableArchitecture */; };
		A979E27B2A7C92D8002515F9 /* CounterFeature.swift in Sources */ = {isa = PBXBuildFile; fileRef = A979E27A2A7C92D8002515F9 /* CounterFeature.swift */; };
		A97E5FB72B15742D00ABF62A /* NumberFactClient.swift in Sources */ = {isa = PBXBuildFile; fileRef = A97E5FB62B15742D00ABF62A /* NumberFactClient.swift */; };
		A97E5FBC2B157D7900ABF62A /* ContactFeature.swift in Sources */ = {isa = PBXBuildFile; fileRef = A97E5FBB2B157D7900ABF62A /* ContactFeature.swift */; };
		A97E5FBE2B157DAD00ABF62A /* ContactsView.swift in Sources */ = {isa = PBXBuildFile; fileRef = A97E5FBD2B157DAD00ABF62A /* ContactsView.swift */; };
		A97E5FC02B16AF9A00ABF62A /* AddContactView.swift in Sources */ = {isa = PBXBuildFile; fileRef = A97E5FBF2B16AF9A00ABF62A /* AddContactView.swift */; };
		A97E5FC22B16AFB800ABF62A /* AddContactFeature.swift in Sources */ = {isa = PBXBuildFile; fileRef = A97E5FC12B16AFB800ABF62A /* AddContactFeature.swift */; };
		A9FCB5BF2A84A82900F84A17 /* CounterFeatureTests.swift in Sources */ = {isa = PBXBuildFile; fileRef = A9FCB5BE2A84A82900F84A17 /* CounterFeatureTests.swift */; };
/* End PBXBuildFile section */

/* Begin PBXContainerItemProxy section */
		A9FCB5C02A84A82900F84A17 /* PBXContainerItemProxy */ = {
			isa = PBXContainerItemProxy;
			containerPortal = A979E25E2A7C8F17002515F9 /* Project object */;
			proxyType = 1;
			remoteGlobalIDString = A979E2652A7C8F17002515F9;
			remoteInfo = TutorialTCA;
		};
/* End PBXContainerItemProxy section */

/* Begin PBXFileReference section */
		A979E2662A7C8F17002515F9 /* TutorialTCA.app */ = {isa = PBXFileReference; explicitFileType = wrapper.application; includeInIndex = 0; path = TutorialTCA.app; sourceTree = BUILT_PRODUCTS_DIR; };
		A979E2692A7C8F17002515F9 /* TutorialTCAApp.swift */ = {isa = PBXFileReference; lastKnownFileType = sourcecode.swift; path = TutorialTCAApp.swift; sourceTree = "<group>"; };
		A979E26B2A7C8F17002515F9 /* CounterView.swift */ = {isa = PBXFileReference; lastKnownFileType = sourcecode.swift; path = CounterView.swift; sourceTree = "<group>"; };
		A979E26D2A7C8F18002515F9 /* Assets.xcassets */ = {isa = PBXFileReference; lastKnownFileType = folder.assetcatalog; path = Assets.xcassets; sourceTree = "<group>"; };
		A979E2702A7C8F18002515F9 /* Preview Assets.xcassets */ = {isa = PBXFileReference; lastKnownFileType = folder.assetcatalog; path = "Preview Assets.xcassets"; sourceTree = "<group>"; };
		A979E27A2A7C92D8002515F9 /* CounterFeature.swift */ = {isa = PBXFileReference; lastKnownFileType = sourcecode.swift; path = CounterFeature.swift; sourceTree = "<group>"; };
		A97E5FB62B15742D00ABF62A /* NumberFactClient.swift */ = {isa = PBXFileReference; lastKnownFileType = sourcecode.swift; path = NumberFactClient.swift; sourceTree = "<group>"; };
		A97E5FB82B15762800ABF62A /* Info.plist */ = {isa = PBXFileReference; lastKnownFileType = text.plist; path = Info.plist; sourceTree = "<group>"; };
		A97E5FBB2B157D7900ABF62A /* ContactFeature.swift */ = {isa = PBXFileReference; lastKnownFileType = sourcecode.swift; path = ContactFeature.swift; sourceTree = "<group>"; };
		A97E5FBD2B157DAD00ABF62A /* ContactsView.swift */ = {isa = PBXFileReference; lastKnownFileType = sourcecode.swift; path = ContactsView.swift; sourceTree = "<group>"; };
		A97E5FBF2B16AF9A00ABF62A /* AddContactView.swift */ = {isa = PBXFileReference; lastKnownFileType = sourcecode.swift; path = AddContactView.swift; sourceTree = "<group>"; };
		A97E5FC12B16AFB800ABF62A /* AddContactFeature.swift */ = {isa = PBXFileReference; lastKnownFileType = sourcecode.swift; path = AddContactFeature.swift; sourceTree = "<group>"; };
		A9FCB5BC2A84A82900F84A17 /* TutorialTCATests.xctest */ = {isa = PBXFileReference; explicitFileType = wrapper.cfbundle; includeInIndex = 0; path = TutorialTCATests.xctest; sourceTree = BUILT_PRODUCTS_DIR; };
		A9FCB5BE2A84A82900F84A17 /* CounterFeatureTests.swift */ = {isa = PBXFileReference; lastKnownFileType = sourcecode.swift; path = CounterFeatureTests.swift; sourceTree = "<group>"; };
/* End PBXFileReference section */

/* Begin PBXFrameworksBuildPhase section */
		A979E2632A7C8F17002515F9 /* Frameworks */ = {
			isa = PBXFrameworksBuildPhase;
			buildActionMask = 2147483647;
			files = (
				A979E2792A7C91BB002515F9 /* ComposableArchitecture in Frameworks */,
			);
			runOnlyForDeploymentPostprocessing = 0;
		};
		A9FCB5B92A84A82900F84A17 /* Frameworks */ = {
			isa = PBXFrameworksBuildPhase;
			buildActionMask = 2147483647;
			files = (
			);
			runOnlyForDeploymentPostprocessing = 0;
		};
/* End PBXFrameworksBuildPhase section */

/* Begin PBXGroup section */
		A979E25D2A7C8F17002515F9 = {
			isa = PBXGroup;
			children = (
				A979E2682A7C8F17002515F9 /* TutorialTCA */,
				A9FCB5BD2A84A82900F84A17 /* TutorialTCATests */,
				A979E2672A7C8F17002515F9 /* Products */,
			);
			sourceTree = "<group>";
		};
		A979E2672A7C8F17002515F9 /* Products */ = {
			isa = PBXGroup;
			children = (
				A979E2662A7C8F17002515F9 /* TutorialTCA.app */,
				A9FCB5BC2A84A82900F84A17 /* TutorialTCATests.xctest */,
			);
			name = Products;
			sourceTree = "<group>";
		};
		A979E2682A7C8F17002515F9 /* TutorialTCA */ = {
			isa = PBXGroup;
			children = (
				A97E5FB82B15762800ABF62A /* Info.plist */,
				A979E2692A7C8F17002515F9 /* TutorialTCAApp.swift */,
				A97E5FB62B15742D00ABF62A /* NumberFactClient.swift */,
				A97E5FBA2B157D6B00ABF62A /* Contact */,
				A97E5FB92B157D4900ABF62A /* Counter */,
				A979E26D2A7C8F18002515F9 /* Assets.xcassets */,
				A979E26F2A7C8F18002515F9 /* Preview Content */,
			);
			path = TutorialTCA;
			sourceTree = "<group>";
		};
		A979E26F2A7C8F18002515F9 /* Preview Content */ = {
			isa = PBXGroup;
			children = (
				A979E2702A7C8F18002515F9 /* Preview Assets.xcassets */,
			);
			path = "Preview Content";
			sourceTree = "<group>";
		};
		A97E5FB92B157D4900ABF62A /* Counter */ = {
			isa = PBXGroup;
			children = (
				A979E26B2A7C8F17002515F9 /* CounterView.swift */,
				A979E27A2A7C92D8002515F9 /* CounterFeature.swift */,
			);
			path = Counter;
			sourceTree = "<group>";
		};
		A97E5FBA2B157D6B00ABF62A /* Contact */ = {
			isa = PBXGroup;
			children = (
				A97E5FBD2B157DAD00ABF62A /* ContactsView.swift */,
				A97E5FBB2B157D7900ABF62A /* ContactFeature.swift */,
				A97E5FBF2B16AF9A00ABF62A /* AddContactView.swift */,
				A97E5FC12B16AFB800ABF62A /* AddContactFeature.swift */,
			);
			path = Contact;
			sourceTree = "<group>";
		};
		A9FCB5BD2A84A82900F84A17 /* TutorialTCATests */ = {
			isa = PBXGroup;
			children = (
				A9FCB5BE2A84A82900F84A17 /* CounterFeatureTests.swift */,
			);
			path = TutorialTCATests;
			sourceTree = "<group>";
		};
/* End PBXGroup section */

/* Begin PBXNativeTarget section */
		A979E2652A7C8F17002515F9 /* TutorialTCA */ = {
			isa = PBXNativeTarget;
			buildConfigurationList = A979E2742A7C8F18002515F9 /* Build configuration list for PBXNativeTarget "TutorialTCA" */;
			buildPhases = (
				A979E2622A7C8F17002515F9 /* Sources */,
				A979E2632A7C8F17002515F9 /* Frameworks */,
				A979E2642A7C8F17002515F9 /* Resources */,
			);
			buildRules = (
			);
			dependencies = (
			);
			name = TutorialTCA;
			packageProductDependencies = (
				A979E2782A7C91BB002515F9 /* ComposableArchitecture */,
			);
			productName = TutorialTCA;
			productReference = A979E2662A7C8F17002515F9 /* TutorialTCA.app */;
			productType = "com.apple.product-type.application";
		};
		A9FCB5BB2A84A82900F84A17 /* TutorialTCATests */ = {
			isa = PBXNativeTarget;
			buildConfigurationList = A9FCB5C42A84A82900F84A17 /* Build configuration list for PBXNativeTarget "TutorialTCATests" */;
			buildPhases = (
				A9FCB5B82A84A82900F84A17 /* Sources */,
				A9FCB5B92A84A82900F84A17 /* Frameworks */,
				A9FCB5BA2A84A82900F84A17 /* Resources */,
			);
			buildRules = (
			);
			dependencies = (
				A9FCB5C12A84A82900F84A17 /* PBXTargetDependency */,
			);
			name = TutorialTCATests;
			productName = TutorialTCATests;
			productReference = A9FCB5BC2A84A82900F84A17 /* TutorialTCATests.xctest */;
			productType = "com.apple.product-type.bundle.unit-test";
		};
/* End PBXNativeTarget section */

/* Begin PBXProject section */
		A979E25E2A7C8F17002515F9 /* Project object */ = {
			isa = PBXProject;
			attributes = {
				BuildIndependentTargetsInParallel = 1;
				LastSwiftUpdateCheck = 1430;
				LastUpgradeCheck = 1430;
				TargetAttributes = {
					A979E2652A7C8F17002515F9 = {
						CreatedOnToolsVersion = 14.3.1;
					};
					A9FCB5BB2A84A82900F84A17 = {
						CreatedOnToolsVersion = 14.3.1;
						TestTargetID = A979E2652A7C8F17002515F9;
					};
				};
			};
			buildConfigurationList = A979E2612A7C8F17002515F9 /* Build configuration list for PBXProject "TutorialTCA" */;
			compatibilityVersion = "Xcode 14.0";
			developmentRegion = en;
			hasScannedForEncodings = 0;
			knownRegions = (
				en,
				Base,
			);
			mainGroup = A979E25D2A7C8F17002515F9;
			packageReferences = (
				A979E2772A7C91BB002515F9 /* XCRemoteSwiftPackageReference "swift-composable-architecture" */,
			);
			productRefGroup = A979E2672A7C8F17002515F9 /* Products */;
			projectDirPath = "";
			projectRoot = "";
			targets = (
				A979E2652A7C8F17002515F9 /* TutorialTCA */,
				A9FCB5BB2A84A82900F84A17 /* TutorialTCATests */,
			);
		};
/* End PBXProject section */

/* Begin PBXResourcesBuildPhase section */
		A979E2642A7C8F17002515F9 /* Resources */ = {
			isa = PBXResourcesBuildPhase;
			buildActionMask = 2147483647;
			files = (
				A979E2712A7C8F18002515F9 /* Preview Assets.xcassets in Resources */,
				A979E26E2A7C8F18002515F9 /* Assets.xcassets in Resources */,
			);
			runOnlyForDeploymentPostprocessing = 0;
		};
		A9FCB5BA2A84A82900F84A17 /* Resources */ = {
			isa = PBXResourcesBuildPhase;
			buildActionMask = 2147483647;
			files = (
			);
			runOnlyForDeploymentPostprocessing = 0;
		};
/* End PBXResourcesBuildPhase section */

/* Begin PBXSourcesBuildPhase section */
		A979E2622A7C8F17002515F9 /* Sources */ = {
			isa = PBXSourcesBuildPhase;
			buildActionMask = 2147483647;
			files = (
				A979E27B2A7C92D8002515F9 /* CounterFeature.swift in Sources */,
				A979E26C2A7C8F17002515F9 /* CounterView.swift in Sources */,
				A979E26A2A7C8F17002515F9 /* TutorialTCAApp.swift in Sources */,
				A97E5FC22B16AFB800ABF62A /* AddContactFeature.swift in Sources */,
				A97E5FBE2B157DAD00ABF62A /* ContactsView.swift in Sources */,
				A97E5FB72B15742D00ABF62A /* NumberFactClient.swift in Sources */,
				A97E5FC02B16AF9A00ABF62A /* AddContactView.swift in Sources */,
				A97E5FBC2B157D7900ABF62A /* ContactFeature.swift in Sources */,
			);
			runOnlyForDeploymentPostprocessing = 0;
		};
		A9FCB5B82A84A82900F84A17 /* Sources */ = {
			isa = PBXSourcesBuildPhase;
			buildActionMask = 2147483647;
			files = (
				A9FCB5BF2A84A82900F84A17 /* CounterFeatureTests.swift in Sources */,
			);
			runOnlyForDeploymentPostprocessing = 0;
		};
/* End PBXSourcesBuildPhase section */

/* Begin PBXTargetDependency section */
		A9FCB5C12A84A82900F84A17 /* PBXTargetDependency */ = {
			isa = PBXTargetDependency;
			target = A979E2652A7C8F17002515F9 /* TutorialTCA */;
			targetProxy = A9FCB5C02A84A82900F84A17 /* PBXContainerItemProxy */;
		};
/* End PBXTargetDependency section */

/* Begin XCBuildConfiguration section */
		A979E2722A7C8F18002515F9 /* Debug */ = {
			isa = XCBuildConfiguration;
			buildSettings = {
				ALWAYS_SEARCH_USER_PATHS = NO;
				CLANG_ANALYZER_NONNULL = YES;
				CLANG_ANALYZER_NUMBER_OBJECT_CONVERSION = YES_AGGRESSIVE;
				CLANG_CXX_LANGUAGE_STANDARD = "gnu++20";
				CLANG_ENABLE_MODULES = YES;
				CLANG_ENABLE_OBJC_ARC = YES;
				CLANG_ENABLE_OBJC_WEAK = YES;
				CLANG_WARN_BLOCK_CAPTURE_AUTORELEASING = YES;
				CLANG_WARN_BOOL_CONVERSION = YES;
				CLANG_WARN_COMMA = YES;
				CLANG_WARN_CONSTANT_CONVERSION = YES;
				CLANG_WARN_DEPRECATED_OBJC_IMPLEMENTATIONS = YES;
				CLANG_WARN_DIRECT_OBJC_ISA_USAGE = YES_ERROR;
				CLANG_WARN_DOCUMENTATION_COMMENTS = YES;
				CLANG_WARN_EMPTY_BODY = YES;
				CLANG_WARN_ENUM_CONVERSION = YES;
				CLANG_WARN_INFINITE_RECURSION = YES;
				CLANG_WARN_INT_CONVERSION = YES;
				CLANG_WARN_NON_LITERAL_NULL_CONVERSION = YES;
				CLANG_WARN_OBJC_IMPLICIT_RETAIN_SELF = YES;
				CLANG_WARN_OBJC_LITERAL_CONVERSION = YES;
				CLANG_WARN_OBJC_ROOT_CLASS = YES_ERROR;
				CLANG_WARN_QUOTED_INCLUDE_IN_FRAMEWORK_HEADER = YES;
				CLANG_WARN_RANGE_LOOP_ANALYSIS = YES;
				CLANG_WARN_STRICT_PROTOTYPES = YES;
				CLANG_WARN_SUSPICIOUS_MOVE = YES;
				CLANG_WARN_UNGUARDED_AVAILABILITY = YES_AGGRESSIVE;
				CLANG_WARN_UNREACHABLE_CODE = YES;
				CLANG_WARN__DUPLICATE_METHOD_MATCH = YES;
				COPY_PHASE_STRIP = NO;
				DEBUG_INFORMATION_FORMAT = dwarf;
				ENABLE_STRICT_OBJC_MSGSEND = YES;
				ENABLE_TESTABILITY = YES;
				GCC_C_LANGUAGE_STANDARD = gnu11;
				GCC_DYNAMIC_NO_PIC = NO;
				GCC_NO_COMMON_BLOCKS = YES;
				GCC_OPTIMIZATION_LEVEL = 0;
				GCC_PREPROCESSOR_DEFINITIONS = (
					"DEBUG=1",
					"$(inherited)",
				);
				GCC_WARN_64_TO_32_BIT_CONVERSION = YES;
				GCC_WARN_ABOUT_RETURN_TYPE = YES_ERROR;
				GCC_WARN_UNDECLARED_SELECTOR = YES;
				GCC_WARN_UNINITIALIZED_AUTOS = YES_AGGRESSIVE;
				GCC_WARN_UNUSED_FUNCTION = YES;
				GCC_WARN_UNUSED_VARIABLE = YES;
				IPHONEOS_DEPLOYMENT_TARGET = 16.4;
				MTL_ENABLE_DEBUG_INFO = INCLUDE_SOURCE;
				MTL_FAST_MATH = YES;
				ONLY_ACTIVE_ARCH = YES;
				SDKROOT = iphoneos;
				SWIFT_ACTIVE_COMPILATION_CONDITIONS = DEBUG;
				SWIFT_OPTIMIZATION_LEVEL = "-Onone";
			};
			name = Debug;
		};
		A979E2732A7C8F18002515F9 /* Release */ = {
			isa = XCBuildConfiguration;
			buildSettings = {
				ALWAYS_SEARCH_USER_PATHS = NO;
				CLANG_ANALYZER_NONNULL = YES;
				CLANG_ANALYZER_NUMBER_OBJECT_CONVERSION = YES_AGGRESSIVE;
				CLANG_CXX_LANGUAGE_STANDARD = "gnu++20";
				CLANG_ENABLE_MODULES = YES;
				CLANG_ENABLE_OBJC_ARC = YES;
				CLANG_ENABLE_OBJC_WEAK = YES;
				CLANG_WARN_BLOCK_CAPTURE_AUTORELEASING = YES;
				CLANG_WARN_BOOL_CONVERSION = YES;
				CLANG_WARN_COMMA = YES;
				CLANG_WARN_CONSTANT_CONVERSION = YES;
				CLANG_WARN_DEPRECATED_OBJC_IMPLEMENTATIONS = YES;
				CLANG_WARN_DIRECT_OBJC_ISA_USAGE = YES_ERROR;
				CLANG_WARN_DOCUMENTATION_COMMENTS = YES;
				CLANG_WARN_EMPTY_BODY = YES;
				CLANG_WARN_ENUM_CONVERSION = YES;
				CLANG_WARN_INFINITE_RECURSION = YES;
				CLANG_WARN_INT_CONVERSION = YES;
				CLANG_WARN_NON_LITERAL_NULL_CONVERSION = YES;
				CLANG_WARN_OBJC_IMPLICIT_RETAIN_SELF = YES;
				CLANG_WARN_OBJC_LITERAL_CONVERSION = YES;
				CLANG_WARN_OBJC_ROOT_CLASS = YES_ERROR;
				CLANG_WARN_QUOTED_INCLUDE_IN_FRAMEWORK_HEADER = YES;
				CLANG_WARN_RANGE_LOOP_ANALYSIS = YES;
				CLANG_WARN_STRICT_PROTOTYPES = YES;
				CLANG_WARN_SUSPICIOUS_MOVE = YES;
				CLANG_WARN_UNGUARDED_AVAILABILITY = YES_AGGRESSIVE;
				CLANG_WARN_UNREACHABLE_CODE = YES;
				CLANG_WARN__DUPLICATE_METHOD_MATCH = YES;
				COPY_PHASE_STRIP = NO;
				DEBUG_INFORMATION_FORMAT = "dwarf-with-dsym";
				ENABLE_NS_ASSERTIONS = NO;
				ENABLE_STRICT_OBJC_MSGSEND = YES;
				GCC_C_LANGUAGE_STANDARD = gnu11;
				GCC_NO_COMMON_BLOCKS = YES;
				GCC_WARN_64_TO_32_BIT_CONVERSION = YES;
				GCC_WARN_ABOUT_RETURN_TYPE = YES_ERROR;
				GCC_WARN_UNDECLARED_SELECTOR = YES;
				GCC_WARN_UNINITIALIZED_AUTOS = YES_AGGRESSIVE;
				GCC_WARN_UNUSED_FUNCTION = YES;
				GCC_WARN_UNUSED_VARIABLE = YES;
				IPHONEOS_DEPLOYMENT_TARGET = 16.4;
				MTL_ENABLE_DEBUG_INFO = NO;
				MTL_FAST_MATH = YES;
				SDKROOT = iphoneos;
				SWIFT_COMPILATION_MODE = wholemodule;
				SWIFT_OPTIMIZATION_LEVEL = "-O";
				VALIDATE_PRODUCT = YES;
			};
			name = Release;
		};
		A979E2752A7C8F18002515F9 /* Debug */ = {
			isa = XCBuildConfiguration;
			buildSettings = {
				ASSETCATALOG_COMPILER_APPICON_NAME = AppIcon;
				ASSETCATALOG_COMPILER_GLOBAL_ACCENT_COLOR_NAME = AccentColor;
				CODE_SIGN_STYLE = Automatic;
				CURRENT_PROJECT_VERSION = 1;
				DEVELOPMENT_ASSET_PATHS = "\"TutorialTCA/Preview Content\"";
				DEVELOPMENT_TEAM = S5RPM75383;
				ENABLE_PREVIEWS = YES;
				GENERATE_INFOPLIST_FILE = YES;
				INFOPLIST_FILE = TutorialTCA/Info.plist;
				INFOPLIST_KEY_UIApplicationSceneManifest_Generation = YES;
				INFOPLIST_KEY_UIApplicationSupportsIndirectInputEvents = YES;
				INFOPLIST_KEY_UILaunchScreen_Generation = YES;
				INFOPLIST_KEY_UISupportedInterfaceOrientations_iPad = "UIInterfaceOrientationPortrait UIInterfaceOrientationPortraitUpsideDown UIInterfaceOrientationLandscapeLeft UIInterfaceOrientationLandscapeRight";
				INFOPLIST_KEY_UISupportedInterfaceOrientations_iPhone = "UIInterfaceOrientationPortrait UIInterfaceOrientationLandscapeLeft UIInterfaceOrientationLandscapeRight";
				LD_RUNPATH_SEARCH_PATHS = (
					"$(inherited)",
					"@executable_path/Frameworks",
				);
				MARKETING_VERSION = 1.0;
				PRODUCT_BUNDLE_IDENTIFIER = com.marco.TutorialTCA;
				PRODUCT_NAME = "$(TARGET_NAME)";
				SWIFT_EMIT_LOC_STRINGS = YES;
				SWIFT_VERSION = 5.0;
				TARGETED_DEVICE_FAMILY = "1,2";
			};
			name = Debug;
		};
		A979E2762A7C8F18002515F9 /* Release */ = {
			isa = XCBuildConfiguration;
			buildSettings = {
				ASSETCATALOG_COMPILER_APPICON_NAME = AppIcon;
				ASSETCATALOG_COMPILER_GLOBAL_ACCENT_COLOR_NAME = AccentColor;
				CODE_SIGN_STYLE = Automatic;
				CURRENT_PROJECT_VERSION = 1;
				DEVELOPMENT_ASSET_PATHS = "\"TutorialTCA/Preview Content\"";
				DEVELOPMENT_TEAM = S5RPM75383;
				ENABLE_PREVIEWS = YES;
				GENERATE_INFOPLIST_FILE = YES;
				INFOPLIST_FILE = TutorialTCA/Info.plist;
				INFOPLIST_KEY_UIApplicationSceneManifest_Generation = YES;
				INFOPLIST_KEY_UIApplicationSupportsIndirectInputEvents = YES;
				INFOPLIST_KEY_UILaunchScreen_Generation = YES;
				INFOPLIST_KEY_UISupportedInterfaceOrientations_iPad = "UIInterfaceOrientationPortrait UIInterfaceOrientationPortraitUpsideDown UIInterfaceOrientationLandscapeLeft UIInterfaceOrientationLandscapeRight";
				INFOPLIST_KEY_UISupportedInterfaceOrientations_iPhone = "UIInterfaceOrientationPortrait UIInterfaceOrientationLandscapeLeft UIInterfaceOrientationLandscapeRight";
				LD_RUNPATH_SEARCH_PATHS = (
					"$(inherited)",
					"@executable_path/Frameworks",
				);
				MARKETING_VERSION = 1.0;
				PRODUCT_BUNDLE_IDENTIFIER = com.marco.TutorialTCA;
				PRODUCT_NAME = "$(TARGET_NAME)";
				SWIFT_EMIT_LOC_STRINGS = YES;
				SWIFT_VERSION = 5.0;
				TARGETED_DEVICE_FAMILY = "1,2";
			};
			name = Release;
		};
		A9FCB5C22A84A82900F84A17 /* Debug */ = {
			isa = XCBuildConfiguration;
			buildSettings = {
				BUNDLE_LOADER = "$(TEST_HOST)";
				CODE_SIGN_STYLE = Automatic;
				CURRENT_PROJECT_VERSION = 1;
				DEVELOPMENT_TEAM = S5RPM75383;
				GENERATE_INFOPLIST_FILE = YES;
				IPHONEOS_DEPLOYMENT_TARGET = 16.4;
				MACOSX_DEPLOYMENT_TARGET = 13.3;
				MARKETING_VERSION = 1.0;
				PRODUCT_BUNDLE_IDENTIFIER = com.marco.TutorialTCATests;
				PRODUCT_NAME = "$(TARGET_NAME)";
				SDKROOT = auto;
				SUPPORTED_PLATFORMS = "iphoneos iphonesimulator macosx";
				SWIFT_EMIT_LOC_STRINGS = NO;
				SWIFT_VERSION = 5.0;
				TARGETED_DEVICE_FAMILY = "1,2";
				TEST_HOST = "$(BUILT_PRODUCTS_DIR)/TutorialTCA.app/$(BUNDLE_EXECUTABLE_FOLDER_PATH)/TutorialTCA";
			};
			name = Debug;
		};
		A9FCB5C32A84A82900F84A17 /* Release */ = {
			isa = XCBuildConfiguration;
			buildSettings = {
				BUNDLE_LOADER = "$(TEST_HOST)";
				CODE_SIGN_STYLE = Automatic;
				CURRENT_PROJECT_VERSION = 1;
				DEVELOPMENT_TEAM = S5RPM75383;
				GENERATE_INFOPLIST_FILE = YES;
				IPHONEOS_DEPLOYMENT_TARGET = 16.4;
				MACOSX_DEPLOYMENT_TARGET = 13.3;
				MARKETING_VERSION = 1.0;
				PRODUCT_BUNDLE_IDENTIFIER = com.marco.TutorialTCATests;
				PRODUCT_NAME = "$(TARGET_NAME)";
				SDKROOT = auto;
				SUPPORTED_PLATFORMS = "iphoneos iphonesimulator macosx";
				SWIFT_EMIT_LOC_STRINGS = NO;
				SWIFT_VERSION = 5.0;
				TARGETED_DEVICE_FAMILY = "1,2";
				TEST_HOST = "$(BUILT_PRODUCTS_DIR)/TutorialTCA.app/$(BUNDLE_EXECUTABLE_FOLDER_PATH)/TutorialTCA";
			};
			name = Release;
		};
/* End XCBuildConfiguration section */

/* Begin XCConfigurationList section */
		A979E2612A7C8F17002515F9 /* Build configuration list for PBXProject "TutorialTCA" */ = {
			isa = XCConfigurationList;
			buildConfigurations = (
				A979E2722A7C8F18002515F9 /* Debug */,
				A979E2732A7C8F18002515F9 /* Release */,
			);
			defaultConfigurationIsVisible = 0;
			defaultConfigurationName = Release;
		};
		A979E2742A7C8F18002515F9 /* Build configuration list for PBXNativeTarget "TutorialTCA" */ = {
			isa = XCConfigurationList;
			buildConfigurations = (
				A979E2752A7C8F18002515F9 /* Debug */,
				A979E2762A7C8F18002515F9 /* Release */,
			);
			defaultConfigurationIsVisible = 0;
			defaultConfigurationName = Release;
		};
		A9FCB5C42A84A82900F84A17 /* Build configuration list for PBXNativeTarget "TutorialTCATests" */ = {
			isa = XCConfigurationList;
			buildConfigurations = (
				A9FCB5C22A84A82900F84A17 /* Debug */,
				A9FCB5C32A84A82900F84A17 /* Release */,
			);
			defaultConfigurationIsVisible = 0;
			defaultConfigurationName = Release;
		};
/* End XCConfigurationList section */

/* Begin XCRemoteSwiftPackageReference section */
		A979E2772A7C91BB002515F9 /* XCRemoteSwiftPackageReference "swift-composable-architecture" */ = {
			isa = XCRemoteSwiftPackageReference;
			repositoryURL = "https://github.com/pointfreeco/swift-composable-architecture.git";
			requirement = {
				kind = upToNextMajorVersion;
				minimumVersion = 1.0.0;
			};
		};
/* End XCRemoteSwiftPackageReference section */

/* Begin XCSwiftPackageProductDependency section */
		A979E2782A7C91BB002515F9 /* ComposableArchitecture */ = {
			isa = XCSwiftPackageProductDependency;
			package = A979E2772A7C91BB002515F9 /* XCRemoteSwiftPackageReference "swift-composable-architecture" */;
			productName = ComposableArchitecture;
		};
/* End XCSwiftPackageProductDependency section */
	};
	rootObject = A979E25E2A7C8F17002515F9 /* Project object */;
}
